// !$*UTF8*$!
{
	archiveVersion = 1;
	classes = {
	};
	objectVersion = 46;
	objects = {

/* Begin PBXAggregateTarget section */
		833008981E573CD8005EE55C /* WeatherGadgetSDK */ = {
			isa = PBXAggregateTarget;
			buildConfigurationList = 833008991E573CD8005EE55C /* Build configuration list for PBXAggregateTarget "WeatherGadgetSDK" */;
			buildPhases = (
			);
			dependencies = (
			);
			name = WeatherGadgetSDK;
			productName = WeatherGadgetSDK;
		};
		8330089C1E573D22005EE55C /* Framework */ = {
			isa = PBXAggregateTarget;
			buildConfigurationList = 8330089D1E573D22005EE55C /* Build configuration list for PBXAggregateTarget "Framework" */;
			buildPhases = (
			);
			dependencies = (
			);
			name = Framework;
			productName = Framework;
		};
/* End PBXAggregateTarget section */

/* Begin PBXBuildFile section */
		833008891E5732E7005EE55C /* WeatherGadget.m in Sources */ = {isa = PBXBuildFile; fileRef = 833008881E5732E7005EE55C /* WeatherGadget.m */; };
		8330088A1E5732E7005EE55C /* WeatherGadget.h in CopyFiles */ = {isa = PBXBuildFile; fileRef = 833008871E5732E7005EE55C /* WeatherGadget.h */; };
		833008911E57334C005EE55C /* Weather.m in Sources */ = {isa = PBXBuildFile; fileRef = 833008901E57334C005EE55C /* Weather.m */; };
		833008941E5737CC005EE55C /* WeatherGadget.h in Headers */ = {isa = PBXBuildFile; fileRef = 833008871E5732E7005EE55C /* WeatherGadget.h */; settings = {ATTRIBUTES = (Public, ); }; };
		833008951E5737D3005EE55C /* Weather.h in Headers */ = {isa = PBXBuildFile; fileRef = 833008921E57335A005EE55C /* Weather.h */; settings = {ATTRIBUTES = (Public, ); }; };
/* End PBXBuildFile section */

/* Begin PBXCopyFilesBuildPhase section */
		833008821E5732E6005EE55C /* CopyFiles */ = {
			isa = PBXCopyFilesBuildPhase;
			buildActionMask = 2147483647;
			dstPath = "include/$(PRODUCT_NAME)";
			dstSubfolderSpec = 16;
			files = (
				8330088A1E5732E7005EE55C /* WeatherGadget.h in CopyFiles */,
			);
			runOnlyForDeploymentPostprocessing = 0;
		};
/* End PBXCopyFilesBuildPhase section */

/* Begin PBXFileReference section */
		833008841E5732E7005EE55C /* libWeatherGadget.a */ = {isa = PBXFileReference; explicitFileType = archive.ar; includeInIndex = 0; path = libWeatherGadget.a; sourceTree = BUILT_PRODUCTS_DIR; };
		833008871E5732E7005EE55C /* WeatherGadget.h */ = {isa = PBXFileReference; lastKnownFileType = sourcecode.c.h; path = WeatherGadget.h; sourceTree = "<group>"; };
		833008881E5732E7005EE55C /* WeatherGadget.m */ = {isa = PBXFileReference; lastKnownFileType = sourcecode.c.objc; path = WeatherGadget.m; sourceTree = "<group>"; };
		833008901E57334C005EE55C /* Weather.m */ = {isa = PBXFileReference; fileEncoding = 4; lastKnownFileType = sourcecode.c.objc; path = Weather.m; sourceTree = "<group>"; };
		833008921E57335A005EE55C /* Weather.h */ = {isa = PBXFileReference; lastKnownFileType = sourcecode.c.h; path = Weather.h; sourceTree = "<group>"; };
/* End PBXFileReference section */

/* Begin PBXFrameworksBuildPhase section */
		833008811E5732E6005EE55C /* Frameworks */ = {
			isa = PBXFrameworksBuildPhase;
			buildActionMask = 2147483647;
			files = (
			);
			runOnlyForDeploymentPostprocessing = 0;
		};
/* End PBXFrameworksBuildPhase section */

/* Begin PBXGroup section */
		8330087B1E5732E6005EE55C = {
			isa = PBXGroup;
			children = (
				833008861E5732E7005EE55C /* WeatherGadget */,
				833008851E5732E7005EE55C /* Products */,
			);
			sourceTree = "<group>";
		};
		833008851E5732E7005EE55C /* Products */ = {
			isa = PBXGroup;
			children = (
				833008841E5732E7005EE55C /* libWeatherGadget.a */,
			);
			name = Products;
			sourceTree = "<group>";
		};
		833008861E5732E7005EE55C /* WeatherGadget */ = {
			isa = PBXGroup;
			children = (
				833008871E5732E7005EE55C /* WeatherGadget.h */,
				833008881E5732E7005EE55C /* WeatherGadget.m */,
				833008901E57334C005EE55C /* Weather.m */,
				833008921E57335A005EE55C /* Weather.h */,
			);
			path = WeatherGadget;
			sourceTree = "<group>";
		};
/* End PBXGroup section */

/* Begin PBXHeadersBuildPhase section */
		833008931E5737B4005EE55C /* Headers */ = {
			isa = PBXHeadersBuildPhase;
			buildActionMask = 2147483647;
			files = (
				833008941E5737CC005EE55C /* WeatherGadget.h in Headers */,
				833008951E5737D3005EE55C /* Weather.h in Headers */,
			);
			runOnlyForDeploymentPostprocessing = 0;
		};
/* End PBXHeadersBuildPhase section */

/* Begin PBXNativeTarget section */
		833008831E5732E6005EE55C /* WeatherGadget */ = {
			isa = PBXNativeTarget;
			buildConfigurationList = 8330088D1E5732E7005EE55C /* Build configuration list for PBXNativeTarget "WeatherGadget" */;
			buildPhases = (
				833008801E5732E6005EE55C /* Sources */,
				833008811E5732E6005EE55C /* Frameworks */,
				833008821E5732E6005EE55C /* CopyFiles */,
				833008931E5737B4005EE55C /* Headers */,
				833008971E573C12005EE55C /* Build Framework */,
			);
			buildRules = (
			);
			dependencies = (
			);
			name = WeatherGadget;
			productName = WeatherGadget;
			productReference = 833008841E5732E7005EE55C /* libWeatherGadget.a */;
			productType = "com.apple.product-type.library.static";
		};
/* End PBXNativeTarget section */

/* Begin PBXProject section */
		8330087C1E5732E6005EE55C /* Project object */ = {
			isa = PBXProject;
			attributes = {
				LastUpgradeCheck = 0820;
				ORGANIZATIONNAME = "Chris van Wyk";
				TargetAttributes = {
					833008831E5732E6005EE55C = {
						CreatedOnToolsVersion = 8.2.1;
						ProvisioningStyle = Automatic;
					};
					833008981E573CD8005EE55C = {
						CreatedOnToolsVersion = 8.2.1;
						ProvisioningStyle = Automatic;
					};
					8330089C1E573D22005EE55C = {
						CreatedOnToolsVersion = 8.2.1;
						ProvisioningStyle = Automatic;
					};
				};
			};
			buildConfigurationList = 8330087F1E5732E6005EE55C /* Build configuration list for PBXProject "WeatherGadget" */;
			compatibilityVersion = "Xcode 3.2";
			developmentRegion = English;
			hasScannedForEncodings = 0;
			knownRegions = (
				en,
			);
			mainGroup = 8330087B1E5732E6005EE55C;
			productRefGroup = 833008851E5732E7005EE55C /* Products */;
			projectDirPath = "";
			projectRoot = "";
			targets = (
				833008831E5732E6005EE55C /* WeatherGadget */,
				833008981E573CD8005EE55C /* WeatherGadgetSDK */,
				8330089C1E573D22005EE55C /* Framework */,
			);
		};
/* End PBXProject section */

/* Begin PBXShellScriptBuildPhase section */
		833008971E573C12005EE55C /* Build Framework */ = {
			isa = PBXShellScriptBuildPhase;
			buildActionMask = 2147483647;
			files = (
			);
			inputPaths = (
			);
			name = "Build Framework";
			outputPaths = (
			);
			runOnlyForDeploymentPostprocessing = 0;
			shellPath = /bin/sh;
			shellScript = "set -e\n\nexport FRAMEWORK_LOCN=\"${BUILT_PRODUCTS_DIR}/${PRODUCT_NAME}.framework\"\n\n# Create the path to the real Headers die\nmkdir -p \"${FRAMEWORK_LOCN}/Versions/A/Headers\"\n\n# Create the required symlinks\n/bin/ln -sfh A \"${FRAMEWORK_LOCN}/Versions/Current\"\n/bin/ln -sfh Versions/Current/Headers \"${FRAMEWORK_LOCN}/Headers\"\n/bin/ln -sfh \"Versions/Current/${PRODUCT_NAME}\" \\\n\"${FRAMEWORK_LOCN}/${PRODUCT_NAME}\"\n\n# Copy the public headers into the framework\n/bin/cp -a \"${TARGET_BUILD_DIR}/${PUBLIC_HEADERS_FOLDER_PATH}/\" \\\n\"${FRAMEWORK_LOCN}/Versions/A/Headers\"";
		};
/* End PBXShellScriptBuildPhase section */

/* Begin PBXSourcesBuildPhase section */
		833008801E5732E6005EE55C /* Sources */ = {
			isa = PBXSourcesBuildPhase;
			buildActionMask = 2147483647;
			files = (
				833008911E57334C005EE55C /* Weather.m in Sources */,
				833008891E5732E7005EE55C /* WeatherGadget.m in Sources */,
			);
			runOnlyForDeploymentPostprocessing = 0;
		};
/* End PBXSourcesBuildPhase section */

/* Begin XCBuildConfiguration section */
		8330088B1E5732E7005EE55C /* Debug */ = {
			isa = XCBuildConfiguration;
			buildSettings = {
				ALWAYS_SEARCH_USER_PATHS = NO;
				CLANG_ANALYZER_NONNULL = YES;
				CLANG_CXX_LANGUAGE_STANDARD = "gnu++0x";
				CLANG_CXX_LIBRARY = "libc++";
				CLANG_ENABLE_MODULES = YES;
				CLANG_ENABLE_OBJC_ARC = YES;
				CLANG_WARN_BOOL_CONVERSION = YES;
				CLANG_WARN_CONSTANT_CONVERSION = YES;
				CLANG_WARN_DIRECT_OBJC_ISA_USAGE = YES_ERROR;
				CLANG_WARN_DOCUMENTATION_COMMENTS = YES;
				CLANG_WARN_EMPTY_BODY = YES;
				CLANG_WARN_ENUM_CONVERSION = YES;
				CLANG_WARN_INFINITE_RECURSION = YES;
				CLANG_WARN_INT_CONVERSION = YES;
				CLANG_WARN_OBJC_ROOT_CLASS = YES_ERROR;
				CLANG_WARN_SUSPICIOUS_MOVE = YES;
				CLANG_WARN_UNREACHABLE_CODE = YES;
				CLANG_WARN__DUPLICATE_METHOD_MATCH = YES;
				"CODE_SIGN_IDENTITY[sdk=iphoneos*]" = "iPhone Developer";
				COPY_PHASE_STRIP = NO;
				DEBUG_INFORMATION_FORMAT = dwarf;
				ENABLE_STRICT_OBJC_MSGSEND = YES;
				ENABLE_TESTABILITY = YES;
				GCC_C_LANGUAGE_STANDARD = gnu99;
				GCC_DYNAMIC_NO_PIC = NO;
				GCC_NO_COMMON_BLOCKS = YES;
				GCC_OPTIMIZATION_LEVEL = 0;
				GCC_PREPROCESSOR_DEFINITIONS = (
					"DEBUG=1",
					"$(inherited)",
				);
				GCC_WARN_64_TO_32_BIT_CONVERSION = YES;
				GCC_WARN_ABOUT_RETURN_TYPE = YES_ERROR;
				GCC_WARN_UNDECLARED_SELECTOR = YES;
				GCC_WARN_UNINITIALIZED_AUTOS = YES_AGGRESSIVE;
				GCC_WARN_UNUSED_FUNCTION = YES;
				GCC_WARN_UNUSED_VARIABLE = YES;
				IPHONEOS_DEPLOYMENT_TARGET = 10.2;
				MTL_ENABLE_DEBUG_INFO = YES;
				ONLY_ACTIVE_ARCH = YES;
				SDKROOT = iphoneos;
			};
			name = Debug;
		};
		8330088C1E5732E7005EE55C /* Release */ = {
			isa = XCBuildConfiguration;
			buildSettings = {
				ALWAYS_SEARCH_USER_PATHS = NO;
				CLANG_ANALYZER_NONNULL = YES;
				CLANG_CXX_LANGUAGE_STANDARD = "gnu++0x";
				CLANG_CXX_LIBRARY = "libc++";
				CLANG_ENABLE_MODULES = YES;
				CLANG_ENABLE_OBJC_ARC = YES;
				CLANG_WARN_BOOL_CONVERSION = YES;
				CLANG_WARN_CONSTANT_CONVERSION = YES;
				CLANG_WARN_DIRECT_OBJC_ISA_USAGE = YES_ERROR;
				CLANG_WARN_DOCUMENTATION_COMMENTS = YES;
				CLANG_WARN_EMPTY_BODY = YES;
				CLANG_WARN_ENUM_CONVERSION = YES;
				CLANG_WARN_INFINITE_RECURSION = YES;
				CLANG_WARN_INT_CONVERSION = YES;
				CLANG_WARN_OBJC_ROOT_CLASS = YES_ERROR;
				CLANG_WARN_SUSPICIOUS_MOVE = YES;
				CLANG_WARN_UNREACHABLE_CODE = YES;
				CLANG_WARN__DUPLICATE_METHOD_MATCH = YES;
				"CODE_SIGN_IDENTITY[sdk=iphoneos*]" = "iPhone Developer";
				COPY_PHASE_STRIP = NO;
				DEBUG_INFORMATION_FORMAT = "dwarf-with-dsym";
				ENABLE_NS_ASSERTIONS = NO;
				ENABLE_STRICT_OBJC_MSGSEND = YES;
				GCC_C_LANGUAGE_STANDARD = gnu99;
				GCC_NO_COMMON_BLOCKS = YES;
				GCC_WARN_64_TO_32_BIT_CONVERSION = YES;
				GCC_WARN_ABOUT_RETURN_TYPE = YES_ERROR;
				GCC_WARN_UNDECLARED_SELECTOR = YES;
				GCC_WARN_UNINITIALIZED_AUTOS = YES_AGGRESSIVE;
				GCC_WARN_UNUSED_FUNCTION = YES;
				GCC_WARN_UNUSED_VARIABLE = YES;
				IPHONEOS_DEPLOYMENT_TARGET = 10.2;
				MTL_ENABLE_DEBUG_INFO = NO;
				SDKROOT = iphoneos;
				VALIDATE_PRODUCT = YES;
			};
			name = Release;
		};
		8330088E1E5732E7005EE55C /* Debug */ = {
			isa = XCBuildConfiguration;
			buildSettings = {
				DEAD_CODE_STRIPPING = NO;
				OTHER_LDFLAGS = "-ObjC";
				PRODUCT_NAME = "$(TARGET_NAME)";
				PUBLIC_HEADERS_FOLDER_PATH = "include/$(PROJECT_NAME)";
				SKIP_INSTALL = YES;
				STRIP_STYLE = "non-global";
			};
			name = Debug;
		};
		8330088F1E5732E7005EE55C /* Release */ = {
			isa = XCBuildConfiguration;
			buildSettings = {
				DEAD_CODE_STRIPPING = NO;
				OTHER_LDFLAGS = "-ObjC";
				PRODUCT_NAME = "$(TARGET_NAME)";
				PUBLIC_HEADERS_FOLDER_PATH = "include/$(PROJECT_NAME)";
				SKIP_INSTALL = YES;
				STRIP_STYLE = "non-global";
			};
			name = Release;
		};
		8330089A1E573CD8005EE55C /* Debug */ = {
			isa = XCBuildConfiguration;
			buildSettings = {
				PRODUCT_NAME = "$(TARGET_NAME)";
			};
			name = Debug;
		};
		8330089B1E573CD8005EE55C /* Release */ = {
			isa = XCBuildConfiguration;
			buildSettings = {
				PRODUCT_NAME = "$(TARGET_NAME)";
			};
			name = Release;
		};
		8330089E1E573D22005EE55C /* Debug */ = {
			isa = XCBuildConfiguration;
			buildSettings = {
				PRODUCT_NAME = "$(TARGET_NAME)";
			};
			name = Debug;
		};
		8330089F1E573D22005EE55C /* Release */ = {
			isa = XCBuildConfiguration;
			buildSettings = {
				PRODUCT_NAME = "$(TARGET_NAME)";
			};
			name = Release;
		};
/* End XCBuildConfiguration section */

/* Begin XCConfigurationList section */
		8330087F1E5732E6005EE55C /* Build configuration list for PBXProject "WeatherGadget" */ = {
			isa = XCConfigurationList;
			buildConfigurations = (
				8330088B1E5732E7005EE55C /* Debug */,
				8330088C1E5732E7005EE55C /* Release */,
			);
			defaultConfigurationIsVisible = 0;
			defaultConfigurationName = Release;
		};
		8330088D1E5732E7005EE55C /* Build configuration list for PBXNativeTarget "WeatherGadget" */ = {
			isa = XCConfigurationList;
			buildConfigurations = (
				8330088E1E5732E7005EE55C /* Debug */,
				8330088F1E5732E7005EE55C /* Release */,
			);
			defaultConfigurationIsVisible = 0;
		};
		833008991E573CD8005EE55C /* Build configuration list for PBXAggregateTarget "WeatherGadgetSDK" */ = {
			isa = XCConfigurationList;
			buildConfigurations = (
				8330089A1E573CD8005EE55C /* Debug */,
				8330089B1E573CD8005EE55C /* Release */,
			);
			defaultConfigurationIsVisible = 0;
		};
		8330089D1E573D22005EE55C /* Build configuration list for PBXAggregateTarget "Framework" */ = {
			isa = XCConfigurationList;
			buildConfigurations = (
				8330089E1E573D22005EE55C /* Debug */,
				8330089F1E573D22005EE55C /* Release */,
			);
			defaultConfigurationIsVisible = 0;
		};
/* End XCConfigurationList section */
	};
	rootObject = 8330087C1E5732E6005EE55C /* Project object */;
}
